
Microsoft Visual Studio Solution File, Format Version 12.00
# Visual Studio Version 16
VisualStudioVersion = 16.0.30320.27
MinimumVisualStudioVersion = 10.0.40219.1
Project("{FAE04EC0-301F-11D3-BF4B-00C04F79EFBC}") = "Clinica", "Clinica\Clinica.csproj", "{8C2D47E5-C521-409C-9DF3-97306B7C4489}"
EndProject
Global
	GlobalSection(SolutionConfigurationPlatforms) = preSolution
		Debug|Any CPU = Debug|Any CPU
		Release|Any CPU = Release|Any CPU
	EndGlobalSection
	GlobalSection(ProjectConfigurationPlatforms) = postSolution
		{8C2D47E5-C521-409C-9DF3-97306B7C4489}.Debug|Any CPU.ActiveCfg = Debug|Any CPU
		{8C2D47E5-C521-409C-9DF3-97306B7C4489}.Debug|Any CPU.Build.0 = Debug|Any CPU
		{8C2D47E5-C521-409C-9DF3-97306B7C4489}.Release|Any CPU.ActiveCfg = Release|Any CPU
		{8C2D47E5-C521-409C-9DF3-97306B7C4489}.Release|Any CPU.Build.0 = Release|Any CPU
	EndGlobalSection
	GlobalSection(SolutionProperties) = preSolution
		HideSolutionNode = FALSE
	EndGlobalSection
	GlobalSection(ExtensibilityGlobals) = postSolution
		SolutionGuid = {B0896CBD-F14D-42C1-9D31-70D591EACA6A}
	EndGlobalSection
EndGlobal
